
Microsoft Visual Studio Solution File, Format Version 12.00
# Visual Studio 2013
VisualStudioVersion = 12.0.21005.1
MinimumVisualStudioVersion = 10.0.40219.1
Project("{FAE04EC0-301F-11D3-BF4B-00C04F79EFBC}") = "ISO4Net.Test", "ISO4Net.Test\ISO4Net.Test.csproj", "{2A38DF04-F419-4301-933E-B36EF8BEFEAA}"
EndProject
Project("{2150E333-8FDC-42A3-9474-1A3956D46DE8}") = "Solution Items", "Solution Items", "{B8CEE323-D639-4549-9252-363E2A8CE2D1}"
	ProjectSection(SolutionItems) = preProject
		license.txt = license.txt
	EndProjectSection
EndProject
Project("{FAE04EC0-301F-11D3-BF4B-00C04F79EFBC}") = "ISO4Net.Library", "ISO4Net.Library\ISO4Net.Library.csproj", "{2EEA8988-9A92-4030-B1EC-1B51FFE55317}"
EndProject
Project("{FAE04EC0-301F-11D3-BF4B-00C04F79EFBC}") = "LibraryTest", "LibraryTest\LibraryTest.csproj", "{35A3D1E7-6476-4DC1-A782-7A620CF0DBC4}"
EndProject
Global
	GlobalSection(SolutionConfigurationPlatforms) = preSolution
		Debug|Any CPU = Debug|Any CPU
		Release|Any CPU = Release|Any CPU
	EndGlobalSection
	GlobalSection(ProjectConfigurationPlatforms) = postSolution
		{2A38DF04-F419-4301-933E-B36EF8BEFEAA}.Debug|Any CPU.ActiveCfg = Debug|Any CPU
		{2A38DF04-F419-4301-933E-B36EF8BEFEAA}.Debug|Any CPU.Build.0 = Debug|Any CPU
		{2A38DF04-F419-4301-933E-B36EF8BEFEAA}.Release|Any CPU.ActiveCfg = Release|Any CPU
		{2A38DF04-F419-4301-933E-B36EF8BEFEAA}.Release|Any CPU.Build.0 = Release|Any CPU
		{2EEA8988-9A92-4030-B1EC-1B51FFE55317}.Debug|Any CPU.ActiveCfg = Debug|Any CPU
		{2EEA8988-9A92-4030-B1EC-1B51FFE55317}.Debug|Any CPU.Build.0 = Debug|Any CPU
		{2EEA8988-9A92-4030-B1EC-1B51FFE55317}.Release|Any CPU.ActiveCfg = Release|Any CPU
		{2EEA8988-9A92-4030-B1EC-1B51FFE55317}.Release|Any CPU.Build.0 = Release|Any CPU
		{35A3D1E7-6476-4DC1-A782-7A620CF0DBC4}.Debug|Any CPU.ActiveCfg = Debug|Any CPU
		{35A3D1E7-6476-4DC1-A782-7A620CF0DBC4}.Debug|Any CPU.Build.0 = Debug|Any CPU
		{35A3D1E7-6476-4DC1-A782-7A620CF0DBC4}.Release|Any CPU.ActiveCfg = Release|Any CPU
		{35A3D1E7-6476-4DC1-A782-7A620CF0DBC4}.Release|Any CPU.Build.0 = Release|Any CPU
	EndGlobalSection
	GlobalSection(SolutionProperties) = preSolution
		HideSolutionNode = FALSE
	EndGlobalSection
EndGlobal
